// !$*UTF8*$!
{
	archiveVersion = 1;
	classes = {
	};
	objectVersion = 56;
	objects = {

/* Begin PBXBuildFile section */
		477A65302C6A9F7C00CEF149 /* DetailView.swift in Sources */ = {isa = PBXBuildFile; fileRef = 477A652F2C6A9F7C00CEF149 /* DetailView.swift */; };
		477A65322C6AC17E00CEF149 /* DetailEditView.swift in Sources */ = {isa = PBXBuildFile; fileRef = 477A65312C6AC17E00CEF149 /* DetailEditView.swift */; };
		47EDCCE52C6A6EF200EA5610 /* ScrumdingerApp.swift in Sources */ = {isa = PBXBuildFile; fileRef = 47EDCCE42C6A6EF200EA5610 /* ScrumdingerApp.swift */; };
		47EDCCE72C6A6EF200EA5610 /* MeetingView.swift in Sources */ = {isa = PBXBuildFile; fileRef = 47EDCCE62C6A6EF200EA5610 /* MeetingView.swift */; };
		47EDCCE92C6A6EF300EA5610 /* Assets.xcassets in Resources */ = {isa = PBXBuildFile; fileRef = 47EDCCE82C6A6EF300EA5610 /* Assets.xcassets */; };
		47EDCCEC2C6A6EF300EA5610 /* Preview Assets.xcassets in Resources */ = {isa = PBXBuildFile; fileRef = 47EDCCEB2C6A6EF300EA5610 /* Preview Assets.xcassets */; };
		47EDCCF62C6A6EF300EA5610 /* ScrumdingerTests.swift in Sources */ = {isa = PBXBuildFile; fileRef = 47EDCCF52C6A6EF300EA5610 /* ScrumdingerTests.swift */; };
		47EDCD002C6A6EF300EA5610 /* ScrumdingerUITests.swift in Sources */ = {isa = PBXBuildFile; fileRef = 47EDCCFF2C6A6EF300EA5610 /* ScrumdingerUITests.swift */; };
		47EDCD022C6A6EF300EA5610 /* ScrumdingerUITestsLaunchTests.swift in Sources */ = {isa = PBXBuildFile; fileRef = 47EDCD012C6A6EF300EA5610 /* ScrumdingerUITestsLaunchTests.swift */; };
		47EDCD102C6A772400EA5610 /* Theme.swift in Sources */ = {isa = PBXBuildFile; fileRef = 47EDCD0F2C6A772400EA5610 /* Theme.swift */; };
		47EDCD122C6A791600EA5610 /* DailyScrum.swift in Sources */ = {isa = PBXBuildFile; fileRef = 47EDCD112C6A791600EA5610 /* DailyScrum.swift */; };
		47EDCD182C6A7EF200EA5610 /* CardView.swift in Sources */ = {isa = PBXBuildFile; fileRef = 47EDCD172C6A7EF200EA5610 /* CardView.swift */; };
		47EDCD1B2C6A843100EA5610 /* TrainlingIconLabelStyle.swift in Sources */ = {isa = PBXBuildFile; fileRef = 47EDCD1A2C6A843100EA5610 /* TrainlingIconLabelStyle.swift */; };
		47EDCD1D2C6A90CD00EA5610 /* ScrumsView.swift in Sources */ = {isa = PBXBuildFile; fileRef = 47EDCD1C2C6A90CD00EA5610 /* ScrumsView.swift */; };
/* End PBXBuildFile section */

/* Begin PBXContainerItemProxy section */
		47EDCCF22C6A6EF300EA5610 /* PBXContainerItemProxy */ = {
			isa = PBXContainerItemProxy;
			containerPortal = 47EDCCD92C6A6EF200EA5610 /* Project object */;
			proxyType = 1;
			remoteGlobalIDString = 47EDCCE02C6A6EF200EA5610;
			remoteInfo = Scrumdinger;
		};
		47EDCCFC2C6A6EF300EA5610 /* PBXContainerItemProxy */ = {
			isa = PBXContainerItemProxy;
			containerPortal = 47EDCCD92C6A6EF200EA5610 /* Project object */;
			proxyType = 1;
			remoteGlobalIDString = 47EDCCE02C6A6EF200EA5610;
			remoteInfo = Scrumdinger;
		};
/* End PBXContainerItemProxy section */

/* Begin PBXFileReference section */
		477A652F2C6A9F7C00CEF149 /* DetailView.swift */ = {isa = PBXFileReference; lastKnownFileType = sourcecode.swift; path = DetailView.swift; sourceTree = "<group>"; };
		477A65312C6AC17E00CEF149 /* DetailEditView.swift */ = {isa = PBXFileReference; lastKnownFileType = sourcecode.swift; path = DetailEditView.swift; sourceTree = "<group>"; };
		47EDCCE12C6A6EF200EA5610 /* Scrumdinger.app */ = {isa = PBXFileReference; explicitFileType = wrapper.application; includeInIndex = 0; path = Scrumdinger.app; sourceTree = BUILT_PRODUCTS_DIR; };
		47EDCCE42C6A6EF200EA5610 /* ScrumdingerApp.swift */ = {isa = PBXFileReference; lastKnownFileType = sourcecode.swift; path = ScrumdingerApp.swift; sourceTree = "<group>"; };
		47EDCCE62C6A6EF200EA5610 /* MeetingView.swift */ = {isa = PBXFileReference; lastKnownFileType = sourcecode.swift; path = MeetingView.swift; sourceTree = "<group>"; };
		47EDCCE82C6A6EF300EA5610 /* Assets.xcassets */ = {isa = PBXFileReference; lastKnownFileType = folder.assetcatalog; path = Assets.xcassets; sourceTree = "<group>"; };
		47EDCCEB2C6A6EF300EA5610 /* Preview Assets.xcassets */ = {isa = PBXFileReference; lastKnownFileType = folder.assetcatalog; path = "Preview Assets.xcassets"; sourceTree = "<group>"; };
		47EDCCF12C6A6EF300EA5610 /* ScrumdingerTests.xctest */ = {isa = PBXFileReference; explicitFileType = wrapper.cfbundle; includeInIndex = 0; path = ScrumdingerTests.xctest; sourceTree = BUILT_PRODUCTS_DIR; };
		47EDCCF52C6A6EF300EA5610 /* ScrumdingerTests.swift */ = {isa = PBXFileReference; lastKnownFileType = sourcecode.swift; path = ScrumdingerTests.swift; sourceTree = "<group>"; };
		47EDCCFB2C6A6EF300EA5610 /* ScrumdingerUITests.xctest */ = {isa = PBXFileReference; explicitFileType = wrapper.cfbundle; includeInIndex = 0; path = ScrumdingerUITests.xctest; sourceTree = BUILT_PRODUCTS_DIR; };
		47EDCCFF2C6A6EF300EA5610 /* ScrumdingerUITests.swift */ = {isa = PBXFileReference; lastKnownFileType = sourcecode.swift; path = ScrumdingerUITests.swift; sourceTree = "<group>"; };
		47EDCD012C6A6EF300EA5610 /* ScrumdingerUITestsLaunchTests.swift */ = {isa = PBXFileReference; lastKnownFileType = sourcecode.swift; path = ScrumdingerUITestsLaunchTests.swift; sourceTree = "<group>"; };
		47EDCD0F2C6A772400EA5610 /* Theme.swift */ = {isa = PBXFileReference; lastKnownFileType = sourcecode.swift; path = Theme.swift; sourceTree = "<group>"; };
		47EDCD112C6A791600EA5610 /* DailyScrum.swift */ = {isa = PBXFileReference; lastKnownFileType = sourcecode.swift; path = DailyScrum.swift; sourceTree = "<group>"; };
		47EDCD172C6A7EF200EA5610 /* CardView.swift */ = {isa = PBXFileReference; lastKnownFileType = sourcecode.swift; path = CardView.swift; sourceTree = "<group>"; };
		47EDCD1A2C6A843100EA5610 /* TrainlingIconLabelStyle.swift */ = {isa = PBXFileReference; lastKnownFileType = sourcecode.swift; path = TrainlingIconLabelStyle.swift; sourceTree = "<group>"; };
		47EDCD1C2C6A90CD00EA5610 /* ScrumsView.swift */ = {isa = PBXFileReference; lastKnownFileType = sourcecode.swift; path = ScrumsView.swift; sourceTree = "<group>"; };
/* End PBXFileReference section */

/* Begin PBXFrameworksBuildPhase section */
		47EDCCDE2C6A6EF200EA5610 /* Frameworks */ = {
			isa = PBXFrameworksBuildPhase;
			buildActionMask = 2147483647;
			files = (
			);
			runOnlyForDeploymentPostprocessing = 0;
		};
		47EDCCEE2C6A6EF300EA5610 /* Frameworks */ = {
			isa = PBXFrameworksBuildPhase;
			buildActionMask = 2147483647;
			files = (
			);
			runOnlyForDeploymentPostprocessing = 0;
		};
		47EDCCF82C6A6EF300EA5610 /* Frameworks */ = {
			isa = PBXFrameworksBuildPhase;
			buildActionMask = 2147483647;
			files = (
			);
			runOnlyForDeploymentPostprocessing = 0;
		};
/* End PBXFrameworksBuildPhase section */

/* Begin PBXGroup section */
		47EDCCD82C6A6EF200EA5610 = {
			isa = PBXGroup;
			children = (
				477A65312C6AC17E00CEF149 /* DetailEditView.swift */,
				477A652F2C6A9F7C00CEF149 /* DetailView.swift */,
				47EDCCE32C6A6EF200EA5610 /* Scrumdinger */,
				47EDCCF42C6A6EF300EA5610 /* ScrumdingerTests */,
				47EDCCFE2C6A6EF300EA5610 /* ScrumdingerUITests */,
				47EDCCE22C6A6EF200EA5610 /* Products */,
			);
			sourceTree = "<group>";
		};
		47EDCCE22C6A6EF200EA5610 /* Products */ = {
			isa = PBXGroup;
			children = (
				47EDCCE12C6A6EF200EA5610 /* Scrumdinger.app */,
				47EDCCF12C6A6EF300EA5610 /* ScrumdingerTests.xctest */,
				47EDCCFB2C6A6EF300EA5610 /* ScrumdingerUITests.xctest */,
			);
			name = Products;
			sourceTree = "<group>";
		};
		47EDCCE32C6A6EF200EA5610 /* Scrumdinger */ = {
			isa = PBXGroup;
			children = (
				47EDCCE62C6A6EF200EA5610 /* MeetingView.swift */,
				47EDCD172C6A7EF200EA5610 /* CardView.swift */,
				47EDCD192C6A804100EA5610 /* Views */,
				47EDCD0E2C6A770300EA5610 /* Models */,
				47EDCCE42C6A6EF200EA5610 /* ScrumdingerApp.swift */,
				47EDCCE82C6A6EF300EA5610 /* Assets.xcassets */,
				47EDCCEA2C6A6EF300EA5610 /* Preview Content */,
				47EDCD1A2C6A843100EA5610 /* TrainlingIconLabelStyle.swift */,
				47EDCD1C2C6A90CD00EA5610 /* ScrumsView.swift */,
			);
			path = Scrumdinger;
			sourceTree = "<group>";
		};
		47EDCCEA2C6A6EF300EA5610 /* Preview Content */ = {
			isa = PBXGroup;
			children = (
				47EDCCEB2C6A6EF300EA5610 /* Preview Assets.xcassets */,
			);
			path = "Preview Content";
			sourceTree = "<group>";
		};
		47EDCCF42C6A6EF300EA5610 /* ScrumdingerTests */ = {
			isa = PBXGroup;
			children = (
				47EDCCF52C6A6EF300EA5610 /* ScrumdingerTests.swift */,
			);
			path = ScrumdingerTests;
			sourceTree = "<group>";
		};
		47EDCCFE2C6A6EF300EA5610 /* ScrumdingerUITests */ = {
			isa = PBXGroup;
			children = (
				47EDCCFF2C6A6EF300EA5610 /* ScrumdingerUITests.swift */,
				47EDCD012C6A6EF300EA5610 /* ScrumdingerUITestsLaunchTests.swift */,
			);
			path = ScrumdingerUITests;
			sourceTree = "<group>";
		};
		47EDCD0E2C6A770300EA5610 /* Models */ = {
			isa = PBXGroup;
			children = (
				47EDCD0F2C6A772400EA5610 /* Theme.swift */,
				47EDCD112C6A791600EA5610 /* DailyScrum.swift */,
			);
			path = Models;
			sourceTree = "<group>";
		};
		47EDCD192C6A804100EA5610 /* Views */ = {
			isa = PBXGroup;
			children = (
			);
			path = Views;
			sourceTree = "<group>";
		};
/* End PBXGroup section */

/* Begin PBXNativeTarget section */
		47EDCCE02C6A6EF200EA5610 /* Scrumdinger */ = {
			isa = PBXNativeTarget;
			buildConfigurationList = 47EDCD052C6A6EF300EA5610 /* Build configuration list for PBXNativeTarget "Scrumdinger" */;
			buildPhases = (
				47EDCCDD2C6A6EF200EA5610 /* Sources */,
				47EDCCDE2C6A6EF200EA5610 /* Frameworks */,
				47EDCCDF2C6A6EF200EA5610 /* Resources */,
			);
			buildRules = (
			);
			dependencies = (
			);
			name = Scrumdinger;
			productName = Scrumdinger;
			productReference = 47EDCCE12C6A6EF200EA5610 /* Scrumdinger.app */;
			productType = "com.apple.product-type.application";
		};
		47EDCCF02C6A6EF300EA5610 /* ScrumdingerTests */ = {
			isa = PBXNativeTarget;
			buildConfigurationList = 47EDCD082C6A6EF300EA5610 /* Build configuration list for PBXNativeTarget "ScrumdingerTests" */;
			buildPhases = (
				47EDCCED2C6A6EF300EA5610 /* Sources */,
				47EDCCEE2C6A6EF300EA5610 /* Frameworks */,
				47EDCCEF2C6A6EF300EA5610 /* Resources */,
			);
			buildRules = (
			);
			dependencies = (
				47EDCCF32C6A6EF300EA5610 /* PBXTargetDependency */,
			);
			name = ScrumdingerTests;
			productName = ScrumdingerTests;
			productReference = 47EDCCF12C6A6EF300EA5610 /* ScrumdingerTests.xctest */;
			productType = "com.apple.product-type.bundle.unit-test";
		};
		47EDCCFA2C6A6EF300EA5610 /* ScrumdingerUITests */ = {
			isa = PBXNativeTarget;
			buildConfigurationList = 47EDCD0B2C6A6EF300EA5610 /* Build configuration list for PBXNativeTarget "ScrumdingerUITests" */;
			buildPhases = (
				47EDCCF72C6A6EF300EA5610 /* Sources */,
				47EDCCF82C6A6EF300EA5610 /* Frameworks */,
				47EDCCF92C6A6EF300EA5610 /* Resources */,
			);
			buildRules = (
			);
			dependencies = (
				47EDCCFD2C6A6EF300EA5610 /* PBXTargetDependency */,
			);
			name = ScrumdingerUITests;
			productName = ScrumdingerUITests;
			productReference = 47EDCCFB2C6A6EF300EA5610 /* ScrumdingerUITests.xctest */;
			productType = "com.apple.product-type.bundle.ui-testing";
		};
/* End PBXNativeTarget section */

/* Begin PBXProject section */
		47EDCCD92C6A6EF200EA5610 /* Project object */ = {
			isa = PBXProject;
			attributes = {
				BuildIndependentTargetsInParallel = 1;
				LastSwiftUpdateCheck = 1540;
				LastUpgradeCheck = 1540;
				TargetAttributes = {
					47EDCCE02C6A6EF200EA5610 = {
						CreatedOnToolsVersion = 15.4;
					};
					47EDCCF02C6A6EF300EA5610 = {
						CreatedOnToolsVersion = 15.4;
						TestTargetID = 47EDCCE02C6A6EF200EA5610;
					};
					47EDCCFA2C6A6EF300EA5610 = {
						CreatedOnToolsVersion = 15.4;
						TestTargetID = 47EDCCE02C6A6EF200EA5610;
					};
				};
			};
			buildConfigurationList = 47EDCCDC2C6A6EF200EA5610 /* Build configuration list for PBXProject "Scrumdinger" */;
			compatibilityVersion = "Xcode 14.0";
			developmentRegion = en;
			hasScannedForEncodings = 0;
			knownRegions = (
				en,
				Base,
			);
			mainGroup = 47EDCCD82C6A6EF200EA5610;
			productRefGroup = 47EDCCE22C6A6EF200EA5610 /* Products */;
			projectDirPath = "";
			projectRoot = "";
			targets = (
				47EDCCE02C6A6EF200EA5610 /* Scrumdinger */,
				47EDCCF02C6A6EF300EA5610 /* ScrumdingerTests */,
				47EDCCFA2C6A6EF300EA5610 /* ScrumdingerUITests */,
			);
		};
/* End PBXProject section */

/* Begin PBXResourcesBuildPhase section */
		47EDCCDF2C6A6EF200EA5610 /* Resources */ = {
			isa = PBXResourcesBuildPhase;
			buildActionMask = 2147483647;
			files = (
				47EDCCEC2C6A6EF300EA5610 /* Preview Assets.xcassets in Resources */,
				47EDCCE92C6A6EF300EA5610 /* Assets.xcassets in Resources */,
			);
			runOnlyForDeploymentPostprocessing = 0;
		};
		47EDCCEF2C6A6EF300EA5610 /* Resources */ = {
			isa = PBXResourcesBuildPhase;
			buildActionMask = 2147483647;
			files = (
			);
			runOnlyForDeploymentPostprocessing = 0;
		};
		47EDCCF92C6A6EF300EA5610 /* Resources */ = {
			isa = PBXResourcesBuildPhase;
			buildActionMask = 2147483647;
			files = (
			);
			runOnlyForDeploymentPostprocessing = 0;
		};
/* End PBXResourcesBuildPhase section */

/* Begin PBXSourcesBuildPhase section */
		47EDCCDD2C6A6EF200EA5610 /* Sources */ = {
			isa = PBXSourcesBuildPhase;
			buildActionMask = 2147483647;
			files = (
				47EDCD122C6A791600EA5610 /* DailyScrum.swift in Sources */,
				477A65302C6A9F7C00CEF149 /* DetailView.swift in Sources */,
				477A65322C6AC17E00CEF149 /* DetailEditView.swift in Sources */,
				47EDCD102C6A772400EA5610 /* Theme.swift in Sources */,
				47EDCD1B2C6A843100EA5610 /* TrainlingIconLabelStyle.swift in Sources */,
				47EDCD1D2C6A90CD00EA5610 /* ScrumsView.swift in Sources */,
				47EDCCE72C6A6EF200EA5610 /* MeetingView.swift in Sources */,
				47EDCCE52C6A6EF200EA5610 /* ScrumdingerApp.swift in Sources */,
				47EDCD182C6A7EF200EA5610 /* CardView.swift in Sources */,
			);
			runOnlyForDeploymentPostprocessing = 0;
		};
		47EDCCED2C6A6EF300EA5610 /* Sources */ = {
			isa = PBXSourcesBuildPhase;
			buildActionMask = 2147483647;
			files = (
				47EDCCF62C6A6EF300EA5610 /* ScrumdingerTests.swift in Sources */,
			);
			runOnlyForDeploymentPostprocessing = 0;
		};
		47EDCCF72C6A6EF300EA5610 /* Sources */ = {
			isa = PBXSourcesBuildPhase;
			buildActionMask = 2147483647;
			files = (
				47EDCD022C6A6EF300EA5610 /* ScrumdingerUITestsLaunchTests.swift in Sources */,
				47EDCD002C6A6EF300EA5610 /* ScrumdingerUITests.swift in Sources */,
			);
			runOnlyForDeploymentPostprocessing = 0;
		};
/* End PBXSourcesBuildPhase section */

/* Begin PBXTargetDependency section */
		47EDCCF32C6A6EF300EA5610 /* PBXTargetDependency */ = {
			isa = PBXTargetDependency;
			target = 47EDCCE02C6A6EF200EA5610 /* Scrumdinger */;
			targetProxy = 47EDCCF22C6A6EF300EA5610 /* PBXContainerItemProxy */;
		};
		47EDCCFD2C6A6EF300EA5610 /* PBXTargetDependency */ = {
			isa = PBXTargetDependency;
			target = 47EDCCE02C6A6EF200EA5610 /* Scrumdinger */;
			targetProxy = 47EDCCFC2C6A6EF300EA5610 /* PBXContainerItemProxy */;
		};
/* End PBXTargetDependency section */

/* Begin XCBuildConfiguration section */
		47EDCD032C6A6EF300EA5610 /* Debug */ = {
			isa = XCBuildConfiguration;
			buildSettings = {
				ALWAYS_SEARCH_USER_PATHS = NO;
				ASSETCATALOG_COMPILER_GENERATE_SWIFT_ASSET_SYMBOL_EXTENSIONS = YES;
				CLANG_ANALYZER_NONNULL = YES;
				CLANG_ANALYZER_NUMBER_OBJECT_CONVERSION = YES_AGGRESSIVE;
				CLANG_CXX_LANGUAGE_STANDARD = "gnu++20";
				CLANG_ENABLE_MODULES = YES;
				CLANG_ENABLE_OBJC_ARC = YES;
				CLANG_ENABLE_OBJC_WEAK = YES;
				CLANG_WARN_BLOCK_CAPTURE_AUTORELEASING = YES;
				CLANG_WARN_BOOL_CONVERSION = YES;
				CLANG_WARN_COMMA = YES;
				CLANG_WARN_CONSTANT_CONVERSION = YES;
				CLANG_WARN_DEPRECATED_OBJC_IMPLEMENTATIONS = YES;
				CLANG_WARN_DIRECT_OBJC_ISA_USAGE = YES_ERROR;
				CLANG_WARN_DOCUMENTATION_COMMENTS = YES;
				CLANG_WARN_EMPTY_BODY = YES;
				CLANG_WARN_ENUM_CONVERSION = YES;
				CLANG_WARN_INFINITE_RECURSION = YES;
				CLANG_WARN_INT_CONVERSION = YES;
				CLANG_WARN_NON_LITERAL_NULL_CONVERSION = YES;
				CLANG_WARN_OBJC_IMPLICIT_RETAIN_SELF = YES;
				CLANG_WARN_OBJC_LITERAL_CONVERSION = YES;
				CLANG_WARN_OBJC_ROOT_CLASS = YES_ERROR;
				CLANG_WARN_QUOTED_INCLUDE_IN_FRAMEWORK_HEADER = YES;
				CLANG_WARN_RANGE_LOOP_ANALYSIS = YES;
				CLANG_WARN_STRICT_PROTOTYPES = YES;
				CLANG_WARN_SUSPICIOUS_MOVE = YES;
				CLANG_WARN_UNGUARDED_AVAILABILITY = YES_AGGRESSIVE;
				CLANG_WARN_UNREACHABLE_CODE = YES;
				CLANG_WARN__DUPLICATE_METHOD_MATCH = YES;
				COPY_PHASE_STRIP = NO;
				DEBUG_INFORMATION_FORMAT = dwarf;
				ENABLE_STRICT_OBJC_MSGSEND = YES;
				ENABLE_TESTABILITY = YES;
				ENABLE_USER_SCRIPT_SANDBOXING = YES;
				GCC_C_LANGUAGE_STANDARD = gnu17;
				GCC_DYNAMIC_NO_PIC = NO;
				GCC_NO_COMMON_BLOCKS = YES;
				GCC_OPTIMIZATION_LEVEL = 0;
				GCC_PREPROCESSOR_DEFINITIONS = (
					"DEBUG=1",
					"$(inherited)",
				);
				GCC_WARN_64_TO_32_BIT_CONVERSION = YES;
				GCC_WARN_ABOUT_RETURN_TYPE = YES_ERROR;
				GCC_WARN_UNDECLARED_SELECTOR = YES;
				GCC_WARN_UNINITIALIZED_AUTOS = YES_AGGRESSIVE;
				GCC_WARN_UNUSED_FUNCTION = YES;
				GCC_WARN_UNUSED_VARIABLE = YES;
				IPHONEOS_DEPLOYMENT_TARGET = 17.5;
				LOCALIZATION_PREFERS_STRING_CATALOGS = YES;
				MTL_ENABLE_DEBUG_INFO = INCLUDE_SOURCE;
				MTL_FAST_MATH = YES;
				ONLY_ACTIVE_ARCH = YES;
				SDKROOT = iphoneos;
				SWIFT_ACTIVE_COMPILATION_CONDITIONS = "DEBUG $(inherited)";
				SWIFT_OPTIMIZATION_LEVEL = "-Onone";
			};
			name = Debug;
		};
		47EDCD042C6A6EF300EA5610 /* Release */ = {
			isa = XCBuildConfiguration;
			buildSettings = {
				ALWAYS_SEARCH_USER_PATHS = NO;
				ASSETCATALOG_COMPILER_GENERATE_SWIFT_ASSET_SYMBOL_EXTENSIONS = YES;
				CLANG_ANALYZER_NONNULL = YES;
				CLANG_ANALYZER_NUMBER_OBJECT_CONVERSION = YES_AGGRESSIVE;
				CLANG_CXX_LANGUAGE_STANDARD = "gnu++20";
				CLANG_ENABLE_MODULES = YES;
				CLANG_ENABLE_OBJC_ARC = YES;
				CLANG_ENABLE_OBJC_WEAK = YES;
				CLANG_WARN_BLOCK_CAPTURE_AUTORELEASING = YES;
				CLANG_WARN_BOOL_CONVERSION = YES;
				CLANG_WARN_COMMA = YES;
				CLANG_WARN_CONSTANT_CONVERSION = YES;
				CLANG_WARN_DEPRECATED_OBJC_IMPLEMENTATIONS = YES;
				CLANG_WARN_DIRECT_OBJC_ISA_USAGE = YES_ERROR;
				CLANG_WARN_DOCUMENTATION_COMMENTS = YES;
				CLANG_WARN_EMPTY_BODY = YES;
				CLANG_WARN_ENUM_CONVERSION = YES;
				CLANG_WARN_INFINITE_RECURSION = YES;
				CLANG_WARN_INT_CONVERSION = YES;
				CLANG_WARN_NON_LITERAL_NULL_CONVERSION = YES;
				CLANG_WARN_OBJC_IMPLICIT_RETAIN_SELF = YES;
				CLANG_WARN_OBJC_LITERAL_CONVERSION = YES;
				CLANG_WARN_OBJC_ROOT_CLASS = YES_ERROR;
				CLANG_WARN_QUOTED_INCLUDE_IN_FRAMEWORK_HEADER = YES;
				CLANG_WARN_RANGE_LOOP_ANALYSIS = YES;
				CLANG_WARN_STRICT_PROTOTYPES = YES;
				CLANG_WARN_SUSPICIOUS_MOVE = YES;
				CLANG_WARN_UNGUARDED_AVAILABILITY = YES_AGGRESSIVE;
				CLANG_WARN_UNREACHABLE_CODE = YES;
				CLANG_WARN__DUPLICATE_METHOD_MATCH = YES;
				COPY_PHASE_STRIP = NO;
				DEBUG_INFORMATION_FORMAT = "dwarf-with-dsym";
				ENABLE_NS_ASSERTIONS = NO;
				ENABLE_STRICT_OBJC_MSGSEND = YES;
				ENABLE_USER_SCRIPT_SANDBOXING = YES;
				GCC_C_LANGUAGE_STANDARD = gnu17;
				GCC_NO_COMMON_BLOCKS = YES;
				GCC_WARN_64_TO_32_BIT_CONVERSION = YES;
				GCC_WARN_ABOUT_RETURN_TYPE = YES_ERROR;
				GCC_WARN_UNDECLARED_SELECTOR = YES;
				GCC_WARN_UNINITIALIZED_AUTOS = YES_AGGRESSIVE;
				GCC_WARN_UNUSED_FUNCTION = YES;
				GCC_WARN_UNUSED_VARIABLE = YES;
				IPHONEOS_DEPLOYMENT_TARGET = 17.5;
				LOCALIZATION_PREFERS_STRING_CATALOGS = YES;
				MTL_ENABLE_DEBUG_INFO = NO;
				MTL_FAST_MATH = YES;
				SDKROOT = iphoneos;
				SWIFT_COMPILATION_MODE = wholemodule;
				VALIDATE_PRODUCT = YES;
			};
			name = Release;
		};
		47EDCD062C6A6EF300EA5610 /* Debug */ = {
			isa = XCBuildConfiguration;
			buildSettings = {
				ASSETCATALOG_COMPILER_APPICON_NAME = AppIcon;
				ASSETCATALOG_COMPILER_GLOBAL_ACCENT_COLOR_NAME = AccentColor;
				CODE_SIGN_STYLE = Automatic;
				CURRENT_PROJECT_VERSION = 1;
				DEVELOPMENT_ASSET_PATHS = "\"Scrumdinger/Preview Content\"";
				DEVELOPMENT_TEAM = JP29DNQ8P4;
				ENABLE_PREVIEWS = YES;
				GENERATE_INFOPLIST_FILE = YES;
				INFOPLIST_KEY_UIApplicationSceneManifest_Generation = YES;
				INFOPLIST_KEY_UIApplicationSupportsIndirectInputEvents = YES;
				INFOPLIST_KEY_UILaunchScreen_Generation = YES;
				INFOPLIST_KEY_UISupportedInterfaceOrientations_iPad = "UIInterfaceOrientationPortrait UIInterfaceOrientationPortraitUpsideDown UIInterfaceOrientationLandscapeLeft UIInterfaceOrientationLandscapeRight";
				INFOPLIST_KEY_UISupportedInterfaceOrientations_iPhone = "UIInterfaceOrientationPortrait UIInterfaceOrientationLandscapeLeft UIInterfaceOrientationLandscapeRight";
				LD_RUNPATH_SEARCH_PATHS = (
					"$(inherited)",
					"@executable_path/Frameworks",
				);
				MARKETING_VERSION = 1.0;
				PRODUCT_BUNDLE_IDENTIFIER = conan.Scrumdinger;
				PRODUCT_NAME = "$(TARGET_NAME)";
				SWIFT_EMIT_LOC_STRINGS = YES;
				SWIFT_VERSION = 5.0;
				TARGETED_DEVICE_FAMILY = "1,2";
			};
			name = Debug;
		};
		47EDCD072C6A6EF300EA5610 /* Release */ = {
			isa = XCBuildConfiguration;
			buildSettings = {
				ASSETCATALOG_COMPILER_APPICON_NAME = AppIcon;
				ASSETCATALOG_COMPILER_GLOBAL_ACCENT_COLOR_NAME = AccentColor;
				CODE_SIGN_STYLE = Automatic;
				CURRENT_PROJECT_VERSION = 1;
				DEVELOPMENT_ASSET_PATHS = "\"Scrumdinger/Preview Content\"";
				DEVELOPMENT_TEAM = JP29DNQ8P4;
				ENABLE_PREVIEWS = YES;
				GENERATE_INFOPLIST_FILE = YES;
				INFOPLIST_KEY_UIApplicationSceneManifest_Generation = YES;
				INFOPLIST_KEY_UIApplicationSupportsIndirectInputEvents = YES;
				INFOPLIST_KEY_UILaunchScreen_Generation = YES;
				INFOPLIST_KEY_UISupportedInterfaceOrientations_iPad = "UIInterfaceOrientationPortrait UIInterfaceOrientationPortraitUpsideDown UIInterfaceOrientationLandscapeLeft UIInterfaceOrientationLandscapeRight";
				INFOPLIST_KEY_UISupportedInterfaceOrientations_iPhone = "UIInterfaceOrientationPortrait UIInterfaceOrientationLandscapeLeft UIInterfaceOrientationLandscapeRight";
				LD_RUNPATH_SEARCH_PATHS = (
					"$(inherited)",
					"@executable_path/Frameworks",
				);
				MARKETING_VERSION = 1.0;
				PRODUCT_BUNDLE_IDENTIFIER = conan.Scrumdinger;
				PRODUCT_NAME = "$(TARGET_NAME)";
				SWIFT_EMIT_LOC_STRINGS = YES;
				SWIFT_VERSION = 5.0;
				TARGETED_DEVICE_FAMILY = "1,2";
			};
			name = Release;
		};
		47EDCD092C6A6EF300EA5610 /* Debug */ = {
			isa = XCBuildConfiguration;
			buildSettings = {
				ALWAYS_EMBED_SWIFT_STANDARD_LIBRARIES = YES;
				BUNDLE_LOADER = "$(TEST_HOST)";
				CODE_SIGN_STYLE = Automatic;
				CURRENT_PROJECT_VERSION = 1;
				GENERATE_INFOPLIST_FILE = YES;
				IPHONEOS_DEPLOYMENT_TARGET = 17.5;
				MARKETING_VERSION = 1.0;
				PRODUCT_BUNDLE_IDENTIFIER = conan.ScrumdingerTests;
				PRODUCT_NAME = "$(TARGET_NAME)";
				SWIFT_EMIT_LOC_STRINGS = NO;
				SWIFT_VERSION = 5.0;
				TARGETED_DEVICE_FAMILY = "1,2";
				TEST_HOST = "$(BUILT_PRODUCTS_DIR)/Scrumdinger.app/$(BUNDLE_EXECUTABLE_FOLDER_PATH)/Scrumdinger";
			};
			name = Debug;
		};
		47EDCD0A2C6A6EF300EA5610 /* Release */ = {
			isa = XCBuildConfiguration;
			buildSettings = {
				ALWAYS_EMBED_SWIFT_STANDARD_LIBRARIES = YES;
				BUNDLE_LOADER = "$(TEST_HOST)";
				CODE_SIGN_STYLE = Automatic;
				CURRENT_PROJECT_VERSION = 1;
				GENERATE_INFOPLIST_FILE = YES;
				IPHONEOS_DEPLOYMENT_TARGET = 17.5;
				MARKETING_VERSION = 1.0;
				PRODUCT_BUNDLE_IDENTIFIER = conan.ScrumdingerTests;
				PRODUCT_NAME = "$(TARGET_NAME)";
				SWIFT_EMIT_LOC_STRINGS = NO;
				SWIFT_VERSION = 5.0;
				TARGETED_DEVICE_FAMILY = "1,2";
				TEST_HOST = "$(BUILT_PRODUCTS_DIR)/Scrumdinger.app/$(BUNDLE_EXECUTABLE_FOLDER_PATH)/Scrumdinger";
			};
			name = Release;
		};
		47EDCD0C2C6A6EF300EA5610 /* Debug */ = {
			isa = XCBuildConfiguration;
			buildSettings = {
				ALWAYS_EMBED_SWIFT_STANDARD_LIBRARIES = YES;
				CODE_SIGN_STYLE = Automatic;
				CURRENT_PROJECT_VERSION = 1;
				GENERATE_INFOPLIST_FILE = YES;
				MARKETING_VERSION = 1.0;
				PRODUCT_BUNDLE_IDENTIFIER = conan.ScrumdingerUITests;
				PRODUCT_NAME = "$(TARGET_NAME)";
				SWIFT_EMIT_LOC_STRINGS = NO;
				SWIFT_VERSION = 5.0;
				TARGETED_DEVICE_FAMILY = "1,2";
				TEST_TARGET_NAME = Scrumdinger;
			};
			name = Debug;
		};
		47EDCD0D2C6A6EF300EA5610 /* Release */ = {
			isa = XCBuildConfiguration;
			buildSettings = {
				ALWAYS_EMBED_SWIFT_STANDARD_LIBRARIES = YES;
				CODE_SIGN_STYLE = Automatic;
				CURRENT_PROJECT_VERSION = 1;
				GENERATE_INFOPLIST_FILE = YES;
				MARKETING_VERSION = 1.0;
				PRODUCT_BUNDLE_IDENTIFIER = conan.ScrumdingerUITests;
				PRODUCT_NAME = "$(TARGET_NAME)";
				SWIFT_EMIT_LOC_STRINGS = NO;
				SWIFT_VERSION = 5.0;
				TARGETED_DEVICE_FAMILY = "1,2";
				TEST_TARGET_NAME = Scrumdinger;
			};
			name = Release;
		};
/* End XCBuildConfiguration section */

/* Begin XCConfigurationList section */
		47EDCCDC2C6A6EF200EA5610 /* Build configuration list for PBXProject "Scrumdinger" */ = {
			isa = XCConfigurationList;
			buildConfigurations = (
				47EDCD032C6A6EF300EA5610 /* Debug */,
				47EDCD042C6A6EF300EA5610 /* Release */,
			);
			defaultConfigurationIsVisible = 0;
			defaultConfigurationName = Release;
		};
		47EDCD052C6A6EF300EA5610 /* Build configuration list for PBXNativeTarget "Scrumdinger" */ = {
			isa = XCConfigurationList;
			buildConfigurations = (
				47EDCD062C6A6EF300EA5610 /* Debug */,
				47EDCD072C6A6EF300EA5610 /* Release */,
			);
			defaultConfigurationIsVisible = 0;
			defaultConfigurationName = Release;
		};
		47EDCD082C6A6EF300EA5610 /* Build configuration list for PBXNativeTarget "ScrumdingerTests" */ = {
			isa = XCConfigurationList;
			buildConfigurations = (
				47EDCD092C6A6EF300EA5610 /* Debug */,
				47EDCD0A2C6A6EF300EA5610 /* Release */,
			);
			defaultConfigurationIsVisible = 0;
			defaultConfigurationName = Release;
		};
		47EDCD0B2C6A6EF300EA5610 /* Build configuration list for PBXNativeTarget "ScrumdingerUITests" */ = {
			isa = XCConfigurationList;
			buildConfigurations = (
				47EDCD0C2C6A6EF300EA5610 /* Debug */,
				47EDCD0D2C6A6EF300EA5610 /* Release */,
			);
			defaultConfigurationIsVisible = 0;
			defaultConfigurationName = Release;
		};
/* End XCConfigurationList section */
	};
	rootObject = 47EDCCD92C6A6EF200EA5610 /* Project object */;
}
